
Microsoft Visual Studio Solution File, Format Version 12.00
# Visual Studio Version 16
VisualStudioVersion = 16.0.31613.86
MinimumVisualStudioVersion = 10.0.40219.1
Project("{FAE04EC0-301F-11D3-BF4B-00C04F79EFBC}") = "CourierKata.Library", "CourierKata\CourierKata.Library.csproj", "{64F8F7FE-C321-4A8F-85DF-1CA522FB58C2}"
EndProject
Project("{FAE04EC0-301F-11D3-BF4B-00C04F79EFBC}") = "CourierKata.UnitTests", "CourierKata.UnitTests\CourierKata.UnitTests.csproj", "{8C6CF8E3-19A4-4C98-8591-925CB5715602}"
EndProject
Global
	GlobalSection(SolutionConfigurationPlatforms) = preSolution
		Debug|Any CPU = Debug|Any CPU
		Release|Any CPU = Release|Any CPU
	EndGlobalSection
	GlobalSection(ProjectConfigurationPlatforms) = postSolution
		{64F8F7FE-C321-4A8F-85DF-1CA522FB58C2}.Debug|Any CPU.ActiveCfg = Debug|Any CPU
		{64F8F7FE-C321-4A8F-85DF-1CA522FB58C2}.Debug|Any CPU.Build.0 = Debug|Any CPU
		{64F8F7FE-C321-4A8F-85DF-1CA522FB58C2}.Release|Any CPU.ActiveCfg = Release|Any CPU
		{64F8F7FE-C321-4A8F-85DF-1CA522FB58C2}.Release|Any CPU.Build.0 = Release|Any CPU
		{8C6CF8E3-19A4-4C98-8591-925CB5715602}.Debug|Any CPU.ActiveCfg = Debug|Any CPU
		{8C6CF8E3-19A4-4C98-8591-925CB5715602}.Debug|Any CPU.Build.0 = Debug|Any CPU
		{8C6CF8E3-19A4-4C98-8591-925CB5715602}.Release|Any CPU.ActiveCfg = Release|Any CPU
		{8C6CF8E3-19A4-4C98-8591-925CB5715602}.Release|Any CPU.Build.0 = Release|Any CPU
	EndGlobalSection
	GlobalSection(SolutionProperties) = preSolution
		HideSolutionNode = FALSE
	EndGlobalSection
	GlobalSection(ExtensibilityGlobals) = postSolution
		SolutionGuid = {5F318DB0-0B9B-47BD-82E7-FD276193C61C}
	EndGlobalSection
EndGlobal
